
Microsoft Visual Studio Solution File, Format Version 12.00
# Visual Studio Version 16
VisualStudioVersion = 16.0.29025.244
MinimumVisualStudioVersion = 10.0.40219.1
Project("{FAE04EC0-301F-11D3-BF4B-00C04F79EFBC}") = "Lab4BTC", "Lab4BTC\Lab4BTC.csproj", "{46EA9216-2559-48FA-962D-5252E8BFD869}"
EndProject
Global
	GlobalSection(SolutionConfigurationPlatforms) = preSolution
		Debug|Any CPU = Debug|Any CPU
		Release|Any CPU = Release|Any CPU
	EndGlobalSection
	GlobalSection(ProjectConfigurationPlatforms) = postSolution
		{46EA9216-2559-48FA-962D-5252E8BFD869}.Debug|Any CPU.ActiveCfg = Debug|Any CPU
		{46EA9216-2559-48FA-962D-5252E8BFD869}.Debug|Any CPU.Build.0 = Debug|Any CPU
		{46EA9216-2559-48FA-962D-5252E8BFD869}.Release|Any CPU.ActiveCfg = Release|Any CPU
		{46EA9216-2559-48FA-962D-5252E8BFD869}.Release|Any CPU.Build.0 = Release|Any CPU
	EndGlobalSection
	GlobalSection(SolutionProperties) = preSolution
		HideSolutionNode = FALSE
	EndGlobalSection
	GlobalSection(ExtensibilityGlobals) = postSolution
		SolutionGuid = {0182DD20-FE49-4809-ABAD-08BE904C6DC9}
	EndGlobalSection
EndGlobal
